
Microsoft Visual Studio Solution File, Format Version 12.00
# Visual Studio 14
VisualStudioVersion = 14.0.23107.0
MinimumVisualStudioVersion = 10.0.40219.1
Project("{FAE04EC0-301F-11D3-BF4B-00C04F79EFBC}") = "WPFclient", "WPFclient\WPFclient.csproj", "{D68AB8F7-4E78-4F89-8CAA-C3C1EB4744BC}"
EndProject
Project("{FAE04EC0-301F-11D3-BF4B-00C04F79EFBC}") = "Project Server", "Project Server\Project Server.csproj", "{44865E45-34DA-4E8F-8858-48E785C677ED}"
EndProject
Project("{FAE04EC0-301F-11D3-BF4B-00C04F79EFBC}") = "Common Objects", "Common Objects\Common Objects.csproj", "{CC110730-8501-4C59-8C79-1A283AF975BB}"
EndProject
Project("{FAE04EC0-301F-11D3-BF4B-00C04F79EFBC}") = "Project Client", "Project Client\Project Client.csproj", "{6274EB91-CFBC-421F-8CE2-DF5175B3F6F0}"
EndProject
Global
	GlobalSection(SolutionConfigurationPlatforms) = preSolution
		Debug|Any CPU = Debug|Any CPU
		Release|Any CPU = Release|Any CPU
	EndGlobalSection
	GlobalSection(ProjectConfigurationPlatforms) = postSolution
		{D68AB8F7-4E78-4F89-8CAA-C3C1EB4744BC}.Debug|Any CPU.ActiveCfg = Debug|Any CPU
		{D68AB8F7-4E78-4F89-8CAA-C3C1EB4744BC}.Debug|Any CPU.Build.0 = Debug|Any CPU
		{D68AB8F7-4E78-4F89-8CAA-C3C1EB4744BC}.Release|Any CPU.ActiveCfg = Release|Any CPU
		{D68AB8F7-4E78-4F89-8CAA-C3C1EB4744BC}.Release|Any CPU.Build.0 = Release|Any CPU
		{44865E45-34DA-4E8F-8858-48E785C677ED}.Debug|Any CPU.ActiveCfg = Debug|Any CPU
		{44865E45-34DA-4E8F-8858-48E785C677ED}.Debug|Any CPU.Build.0 = Debug|Any CPU
		{44865E45-34DA-4E8F-8858-48E785C677ED}.Release|Any CPU.ActiveCfg = Release|Any CPU
		{44865E45-34DA-4E8F-8858-48E785C677ED}.Release|Any CPU.Build.0 = Release|Any CPU
		{CC110730-8501-4C59-8C79-1A283AF975BB}.Debug|Any CPU.ActiveCfg = Debug|Any CPU
		{CC110730-8501-4C59-8C79-1A283AF975BB}.Debug|Any CPU.Build.0 = Debug|Any CPU
		{CC110730-8501-4C59-8C79-1A283AF975BB}.Release|Any CPU.ActiveCfg = Release|Any CPU
		{CC110730-8501-4C59-8C79-1A283AF975BB}.Release|Any CPU.Build.0 = Release|Any CPU
		{6274EB91-CFBC-421F-8CE2-DF5175B3F6F0}.Debug|Any CPU.ActiveCfg = Debug|Any CPU
		{6274EB91-CFBC-421F-8CE2-DF5175B3F6F0}.Debug|Any CPU.Build.0 = Debug|Any CPU
		{6274EB91-CFBC-421F-8CE2-DF5175B3F6F0}.Release|Any CPU.ActiveCfg = Release|Any CPU
		{6274EB91-CFBC-421F-8CE2-DF5175B3F6F0}.Release|Any CPU.Build.0 = Release|Any CPU
	EndGlobalSection
	GlobalSection(SolutionProperties) = preSolution
		HideSolutionNode = FALSE
	EndGlobalSection
EndGlobal
